
Microsoft Visual Studio Solution File, Format Version 12.00
# Visual Studio Version 17
VisualStudioVersion = 17.14.36301.6 d17.14
MinimumVisualStudioVersion = 10.0.40219.1
Project("{FAE04EC0-301F-11D3-BF4B-00C04F79EFBC}") = "WWXMapEditor", "WWXMapEditor.csproj", "{175E5E62-4FBD-45E8-9E05-7B98F8015399}"
EndProject
Global
	GlobalSection(SolutionConfigurationPlatforms) = preSolution
		Debug|Any CPU = Debug|Any CPU
		Release|Any CPU = Release|Any CPU
	EndGlobalSection
	GlobalSection(ProjectConfigurationPlatforms) = postSolution
		{175E5E62-4FBD-45E8-9E05-7B98F8015399}.Debug|Any CPU.ActiveCfg = Debug|Any CPU
		{175E5E62-4FBD-45E8-9E05-7B98F8015399}.Debug|Any CPU.Build.0 = Debug|Any CPU
		{175E5E62-4FBD-45E8-9E05-7B98F8015399}.Release|Any CPU.ActiveCfg = Release|Any CPU
		{175E5E62-4FBD-45E8-9E05-7B98F8015399}.Release|Any CPU.Build.0 = Release|Any CPU
	EndGlobalSection
	GlobalSection(SolutionProperties) = preSolution
		HideSolutionNode = FALSE
	EndGlobalSection
	GlobalSection(ExtensibilityGlobals) = postSolution
		SolutionGuid = {2CAA1D97-C6FE-40A3-BD67-704EFEC15409}
	EndGlobalSection
EndGlobal
